
Microsoft Visual Studio Solution File, Format Version 12.00
# Visual Studio Version 16
VisualStudioVersion = 16.0.30204.135
MinimumVisualStudioVersion = 10.0.40219.1
Project("{9A19103F-16F7-4668-BE54-9A1E7A4F7556}") = "Rx.Kql", "Rx.Kql\Rx.Kql.csproj", "{8062168C-7623-4D7B-B075-8AE826D88554}"
EndProject
Project("{9A19103F-16F7-4668-BE54-9A1E7A4F7556}") = "EtwKql", "EtwKql\EtwKql.csproj", "{0C10F6A2-F856-497B-B3BD-8BB390E5002F}"
EndProject
Project("{9A19103F-16F7-4668-BE54-9A1E7A4F7556}") = "WinLogKql", "WinLogKql\WinLogKql.csproj", "{C5A3CA89-2434-41FB-A38E-8BD7DD754A1E}"
EndProject
Project("{9A19103F-16F7-4668-BE54-9A1E7A4F7556}") = "EvtxEventXmlScrubber", "EvtxEventXmlScrubber\EvtxEventXmlScrubber.csproj", "{63C1EA51-F283-4833-9AC9-F7291910B0E5}"
EndProject
Global
	GlobalSection(SolutionConfigurationPlatforms) = preSolution
		Debug|Any CPU = Debug|Any CPU
		Debug|x64 = Debug|x64
		Release|Any CPU = Release|Any CPU
		Release|x64 = Release|x64
	EndGlobalSection
	GlobalSection(ProjectConfigurationPlatforms) = postSolution
		{8062168C-7623-4D7B-B075-8AE826D88554}.Debug|Any CPU.ActiveCfg = Debug|Any CPU
		{8062168C-7623-4D7B-B075-8AE826D88554}.Debug|Any CPU.Build.0 = Debug|Any CPU
		{8062168C-7623-4D7B-B075-8AE826D88554}.Debug|x64.ActiveCfg = Debug|Any CPU
		{8062168C-7623-4D7B-B075-8AE826D88554}.Debug|x64.Build.0 = Debug|Any CPU
		{8062168C-7623-4D7B-B075-8AE826D88554}.Release|Any CPU.ActiveCfg = Release|Any CPU
		{8062168C-7623-4D7B-B075-8AE826D88554}.Release|Any CPU.Build.0 = Release|Any CPU
		{8062168C-7623-4D7B-B075-8AE826D88554}.Release|x64.ActiveCfg = Release|Any CPU
		{8062168C-7623-4D7B-B075-8AE826D88554}.Release|x64.Build.0 = Release|Any CPU
		{0C10F6A2-F856-497B-B3BD-8BB390E5002F}.Debug|Any CPU.ActiveCfg = Debug|Any CPU
		{0C10F6A2-F856-497B-B3BD-8BB390E5002F}.Debug|Any CPU.Build.0 = Debug|Any CPU
		{0C10F6A2-F856-497B-B3BD-8BB390E5002F}.Debug|x64.ActiveCfg = Debug|x64
		{0C10F6A2-F856-497B-B3BD-8BB390E5002F}.Debug|x64.Build.0 = Debug|x64
		{0C10F6A2-F856-497B-B3BD-8BB390E5002F}.Release|Any CPU.ActiveCfg = Release|Any CPU
		{0C10F6A2-F856-497B-B3BD-8BB390E5002F}.Release|Any CPU.Build.0 = Release|Any CPU
		{0C10F6A2-F856-497B-B3BD-8BB390E5002F}.Release|x64.ActiveCfg = Release|x64
		{0C10F6A2-F856-497B-B3BD-8BB390E5002F}.Release|x64.Build.0 = Release|x64
		{C5A3CA89-2434-41FB-A38E-8BD7DD754A1E}.Debug|Any CPU.ActiveCfg = Debug|Any CPU
		{C5A3CA89-2434-41FB-A38E-8BD7DD754A1E}.Debug|Any CPU.Build.0 = Debug|Any CPU
		{C5A3CA89-2434-41FB-A38E-8BD7DD754A1E}.Debug|x64.ActiveCfg = Debug|x64
		{C5A3CA89-2434-41FB-A38E-8BD7DD754A1E}.Debug|x64.Build.0 = Debug|x64
		{C5A3CA89-2434-41FB-A38E-8BD7DD754A1E}.Release|Any CPU.ActiveCfg = Release|Any CPU
		{C5A3CA89-2434-41FB-A38E-8BD7DD754A1E}.Release|Any CPU.Build.0 = Release|Any CPU
		{C5A3CA89-2434-41FB-A38E-8BD7DD754A1E}.Release|x64.ActiveCfg = Release|x64
		{C5A3CA89-2434-41FB-A38E-8BD7DD754A1E}.Release|x64.Build.0 = Release|x64
		{63C1EA51-F283-4833-9AC9-F7291910B0E5}.Debug|Any CPU.ActiveCfg = Debug|Any CPU
		{63C1EA51-F283-4833-9AC9-F7291910B0E5}.Debug|Any CPU.Build.0 = Debug|Any CPU
		{63C1EA51-F283-4833-9AC9-F7291910B0E5}.Debug|x64.ActiveCfg = Debug|Any CPU
		{63C1EA51-F283-4833-9AC9-F7291910B0E5}.Debug|x64.Build.0 = Debug|Any CPU
		{63C1EA51-F283-4833-9AC9-F7291910B0E5}.Release|Any CPU.ActiveCfg = Release|Any CPU
		{63C1EA51-F283-4833-9AC9-F7291910B0E5}.Release|Any CPU.Build.0 = Release|Any CPU
		{63C1EA51-F283-4833-9AC9-F7291910B0E5}.Release|x64.ActiveCfg = Release|Any CPU
		{63C1EA51-F283-4833-9AC9-F7291910B0E5}.Release|x64.Build.0 = Release|Any CPU
	EndGlobalSection
	GlobalSection(SolutionProperties) = preSolution
		HideSolutionNode = FALSE
	EndGlobalSection
	GlobalSection(ExtensibilityGlobals) = postSolution
		SolutionGuid = {3805DB70-EC3F-4D3C-A7CE-FC89532607FC}
	EndGlobalSection
EndGlobal
